// !$*UTF8*$!
{
	archiveVersion = 1;
	classes = {
	};
	objectVersion = 46;
	objects = {

/* Begin PBXBuildFile section */
		8B064FFB1A1B42A30099E8B1 /* MenuAlert.m in Sources */ = {isa = PBXBuildFile; fileRef = 8B064FFA1A1B42A30099E8B1 /* MenuAlert.m */; };
		8B2332691A1F9CDD00E935F6 /* room-empty.xml in Resources */ = {isa = PBXBuildFile; fileRef = 8B2332681A1F9CDD00E935F6 /* room-empty.xml */; };
		8B23326B1A1FA5B100E935F6 /* room-enemy.xml in Resources */ = {isa = PBXBuildFile; fileRef = 8B23326A1A1FA5B100E935F6 /* room-enemy.xml */; };
		8B2691081A1B82E40072FF12 /* ScoreHistory.m in Sources */ = {isa = PBXBuildFile; fileRef = 8B2691071A1B82E40072FF12 /* ScoreHistory.m */; };
		8B3117BB1A1A269A009B5F72 /* arrow-fire.wav in Resources */ = {isa = PBXBuildFile; fileRef = 8B3117BA1A1A269A009B5F72 /* arrow-fire.wav */; };
		8B3117BD1A1A26D6009B5F72 /* arrow-hit.wav in Resources */ = {isa = PBXBuildFile; fileRef = 8B3117BC1A1A26D6009B5F72 /* arrow-hit.wav */; };
		8B3117C11A1A2AB6009B5F72 /* fireball-fire.wav in Resources */ = {isa = PBXBuildFile; fileRef = 8B3117C01A1A2AB6009B5F72 /* fireball-fire.wav */; };
		8B3117C41A1A3415009B5F72 /* PowerUp.m in Sources */ = {isa = PBXBuildFile; fileRef = 8B3117C31A1A3415009B5F72 /* PowerUp.m */; };
		8B3117C61A1A429A009B5F72 /* healthpack-powerup.wav in Resources */ = {isa = PBXBuildFile; fileRef = 8B3117C51A1A429A009B5F72 /* healthpack-powerup.wav */; };
		8B36BAC41A1F85880041E9DC /* Level.m in Sources */ = {isa = PBXBuildFile; fileRef = 8B36BAC31A1F85880041E9DC /* Level.m */; };
		8B488DE01A19DB6100116E11 /* Character.m in Sources */ = {isa = PBXBuildFile; fileRef = 8B488DDF1A19DB6100116E11 /* Character.m */; };
		8B488DE31A19DC5300116E11 /* Projectile.m in Sources */ = {isa = PBXBuildFile; fileRef = 8B488DE21A19DC5300116E11 /* Projectile.m */; };
		8B488DE71A19DD2800116E11 /* Landscape.m in Sources */ = {isa = PBXBuildFile; fileRef = 8B488DE61A19DD2800116E11 /* Landscape.m */; };
		8B6310891A200D26005C959F /* room-trap.xml in Resources */ = {isa = PBXBuildFile; fileRef = 8B6310881A200D26005C959F /* room-trap.xml */; };
		8B8D6F6F1A14C9AF009F9915 /* AppDelegate.m in Sources */ = {isa = PBXBuildFile; fileRef = 8B8D6F6E1A14C9AF009F9915 /* AppDelegate.m */; };
		8B8D6F711A14C9AF009F9915 /* main.m in Sources */ = {isa = PBXBuildFile; fileRef = 8B8D6F701A14C9AF009F9915 /* main.m */; };
		8B8D6F741A14C9AF009F9915 /* GameScene.m in Sources */ = {isa = PBXBuildFile; fileRef = 8B8D6F731A14C9AF009F9915 /* GameScene.m */; };
		8B8D6F781A14C9AF009F9915 /* Images.xcassets in Resources */ = {isa = PBXBuildFile; fileRef = 8B8D6F771A14C9AF009F9915 /* Images.xcassets */; };
		8B8D6F7B1A14C9AF009F9915 /* MainMenu.xib in Resources */ = {isa = PBXBuildFile; fileRef = 8B8D6F791A14C9AF009F9915 /* MainMenu.xib */; };
		8B8D6F871A14C9AF009F9915 /* shooterTests.m in Sources */ = {isa = PBXBuildFile; fileRef = 8B8D6F861A14C9AF009F9915 /* shooterTests.m */; };
		8BFBB0791A2476A5002F1F1F /* Controller.m in Sources */ = {isa = PBXBuildFile; fileRef = 8BFBB0781A2476A5002F1F1F /* Controller.m */; };
		8BFBB07D1A248A3E002F1F1F /* Weapon.m in Sources */ = {isa = PBXBuildFile; fileRef = 8BFBB07C1A248A3E002F1F1F /* Weapon.m */; };
/* End PBXBuildFile section */

/* Begin PBXContainerItemProxy section */
		8B8D6F811A14C9AF009F9915 /* PBXContainerItemProxy */ = {
			isa = PBXContainerItemProxy;
			containerPortal = 8B8D6F601A14C9AF009F9915 /* Project object */;
			proxyType = 1;
			remoteGlobalIDString = 8B8D6F671A14C9AF009F9915;
			remoteInfo = shooter;
		};
/* End PBXContainerItemProxy section */

/* Begin PBXFileReference section */
		8B064FF91A1B42A30099E8B1 /* MenuAlert.h */ = {isa = PBXFileReference; fileEncoding = 4; lastKnownFileType = sourcecode.c.h; path = MenuAlert.h; sourceTree = "<group>"; };
		8B064FFA1A1B42A30099E8B1 /* MenuAlert.m */ = {isa = PBXFileReference; fileEncoding = 4; lastKnownFileType = sourcecode.c.objc; path = MenuAlert.m; sourceTree = "<group>"; };
		8B2332681A1F9CDD00E935F6 /* room-empty.xml */ = {isa = PBXFileReference; fileEncoding = 4; lastKnownFileType = text.xml; path = "room-empty.xml"; sourceTree = "<group>"; };
		8B23326A1A1FA5B100E935F6 /* room-enemy.xml */ = {isa = PBXFileReference; fileEncoding = 4; lastKnownFileType = text.xml; path = "room-enemy.xml"; sourceTree = "<group>"; };
		8B2691061A1B82E40072FF12 /* ScoreHistory.h */ = {isa = PBXFileReference; fileEncoding = 4; lastKnownFileType = sourcecode.c.h; path = ScoreHistory.h; sourceTree = "<group>"; };
		8B2691071A1B82E40072FF12 /* ScoreHistory.m */ = {isa = PBXFileReference; fileEncoding = 4; lastKnownFileType = sourcecode.c.objc; path = ScoreHistory.m; sourceTree = "<group>"; };
		8B2AF7AD1A154C02005F0957 /* CGVectorAdditions.h */ = {isa = PBXFileReference; fileEncoding = 4; lastKnownFileType = sourcecode.c.h; path = CGVectorAdditions.h; sourceTree = "<group>"; };
		8B3117BA1A1A269A009B5F72 /* arrow-fire.wav */ = {isa = PBXFileReference; lastKnownFileType = audio.wav; path = "arrow-fire.wav"; sourceTree = "<group>"; };
		8B3117BC1A1A26D6009B5F72 /* arrow-hit.wav */ = {isa = PBXFileReference; lastKnownFileType = audio.wav; path = "arrow-hit.wav"; sourceTree = "<group>"; };
		8B3117C01A1A2AB6009B5F72 /* fireball-fire.wav */ = {isa = PBXFileReference; lastKnownFileType = audio.wav; path = "fireball-fire.wav"; sourceTree = "<group>"; };
		8B3117C21A1A3415009B5F72 /* PowerUp.h */ = {isa = PBXFileReference; fileEncoding = 4; lastKnownFileType = sourcecode.c.h; path = PowerUp.h; sourceTree = "<group>"; };
		8B3117C31A1A3415009B5F72 /* PowerUp.m */ = {isa = PBXFileReference; fileEncoding = 4; lastKnownFileType = sourcecode.c.objc; path = PowerUp.m; sourceTree = "<group>"; };
		8B3117C51A1A429A009B5F72 /* healthpack-powerup.wav */ = {isa = PBXFileReference; lastKnownFileType = audio.wav; path = "healthpack-powerup.wav"; sourceTree = "<group>"; };
		8B3117C71A1A4C52009B5F72 /* README */ = {isa = PBXFileReference; lastKnownFileType = text; path = README; sourceTree = "<group>"; };
		8B36BAC21A1F85880041E9DC /* Level.h */ = {isa = PBXFileReference; fileEncoding = 4; lastKnownFileType = sourcecode.c.h; path = Level.h; sourceTree = "<group>"; };
		8B36BAC31A1F85880041E9DC /* Level.m */ = {isa = PBXFileReference; fileEncoding = 4; lastKnownFileType = sourcecode.c.objc; path = Level.m; sourceTree = "<group>"; };
		8B488DDE1A19DB6100116E11 /* Character.h */ = {isa = PBXFileReference; fileEncoding = 4; lastKnownFileType = sourcecode.c.h; path = Character.h; sourceTree = "<group>"; };
		8B488DDF1A19DB6100116E11 /* Character.m */ = {isa = PBXFileReference; fileEncoding = 4; lastKnownFileType = sourcecode.c.objc; path = Character.m; sourceTree = "<group>"; };
		8B488DE11A19DC5300116E11 /* Projectile.h */ = {isa = PBXFileReference; fileEncoding = 4; lastKnownFileType = sourcecode.c.h; path = Projectile.h; sourceTree = "<group>"; };
		8B488DE21A19DC5300116E11 /* Projectile.m */ = {isa = PBXFileReference; fileEncoding = 4; lastKnownFileType = sourcecode.c.objc; path = Projectile.m; sourceTree = "<group>"; };
		8B488DE41A19DCC300116E11 /* BitMask.h */ = {isa = PBXFileReference; lastKnownFileType = sourcecode.c.h; path = BitMask.h; sourceTree = "<group>"; };
		8B488DE51A19DD2800116E11 /* Landscape.h */ = {isa = PBXFileReference; fileEncoding = 4; lastKnownFileType = sourcecode.c.h; path = Landscape.h; sourceTree = "<group>"; };
		8B488DE61A19DD2800116E11 /* Landscape.m */ = {isa = PBXFileReference; fileEncoding = 4; lastKnownFileType = sourcecode.c.objc; path = Landscape.m; sourceTree = "<group>"; };
		8B6310881A200D26005C959F /* room-trap.xml */ = {isa = PBXFileReference; fileEncoding = 4; lastKnownFileType = text.xml; path = "room-trap.xml"; sourceTree = "<group>"; };
		8B8D6F681A14C9AF009F9915 /* shooter.app */ = {isa = PBXFileReference; explicitFileType = wrapper.application; includeInIndex = 0; path = shooter.app; sourceTree = BUILT_PRODUCTS_DIR; };
		8B8D6F6C1A14C9AF009F9915 /* Info.plist */ = {isa = PBXFileReference; lastKnownFileType = text.plist.xml; path = Info.plist; sourceTree = "<group>"; };
		8B8D6F6D1A14C9AF009F9915 /* AppDelegate.h */ = {isa = PBXFileReference; lastKnownFileType = sourcecode.c.h; path = AppDelegate.h; sourceTree = "<group>"; };
		8B8D6F6E1A14C9AF009F9915 /* AppDelegate.m */ = {isa = PBXFileReference; lastKnownFileType = sourcecode.c.objc; path = AppDelegate.m; sourceTree = "<group>"; };
		8B8D6F701A14C9AF009F9915 /* main.m */ = {isa = PBXFileReference; lastKnownFileType = sourcecode.c.objc; path = main.m; sourceTree = "<group>"; };
		8B8D6F721A14C9AF009F9915 /* GameScene.h */ = {isa = PBXFileReference; lastKnownFileType = sourcecode.c.h; path = GameScene.h; sourceTree = "<group>"; };
		8B8D6F731A14C9AF009F9915 /* GameScene.m */ = {isa = PBXFileReference; lastKnownFileType = sourcecode.c.objc; path = GameScene.m; sourceTree = "<group>"; };
		8B8D6F771A14C9AF009F9915 /* Images.xcassets */ = {isa = PBXFileReference; lastKnownFileType = folder.assetcatalog; path = Images.xcassets; sourceTree = "<group>"; };
		8B8D6F7A1A14C9AF009F9915 /* Base */ = {isa = PBXFileReference; lastKnownFileType = file.xib; name = Base; path = Base.lproj/MainMenu.xib; sourceTree = "<group>"; };
		8B8D6F801A14C9AF009F9915 /* shooterTests.xctest */ = {isa = PBXFileReference; explicitFileType = wrapper.cfbundle; includeInIndex = 0; path = shooterTests.xctest; sourceTree = BUILT_PRODUCTS_DIR; };
		8B8D6F851A14C9AF009F9915 /* Info.plist */ = {isa = PBXFileReference; lastKnownFileType = text.plist.xml; path = Info.plist; sourceTree = "<group>"; };
		8B8D6F861A14C9AF009F9915 /* shooterTests.m */ = {isa = PBXFileReference; lastKnownFileType = sourcecode.c.objc; path = shooterTests.m; sourceTree = "<group>"; };
		8BFBB0771A2476A5002F1F1F /* Controller.h */ = {isa = PBXFileReference; fileEncoding = 4; lastKnownFileType = sourcecode.c.h; path = Controller.h; sourceTree = "<group>"; };
		8BFBB0781A2476A5002F1F1F /* Controller.m */ = {isa = PBXFileReference; fileEncoding = 4; lastKnownFileType = sourcecode.c.objc; path = Controller.m; sourceTree = "<group>"; };
		8BFBB07B1A248A3E002F1F1F /* Weapon.h */ = {isa = PBXFileReference; fileEncoding = 4; lastKnownFileType = sourcecode.c.h; path = Weapon.h; sourceTree = "<group>"; };
		8BFBB07C1A248A3E002F1F1F /* Weapon.m */ = {isa = PBXFileReference; fileEncoding = 4; lastKnownFileType = sourcecode.c.objc; path = Weapon.m; sourceTree = "<group>"; };
/* End PBXFileReference section */

/* Begin PBXFrameworksBuildPhase section */
		8B8D6F651A14C9AF009F9915 /* Frameworks */ = {
			isa = PBXFrameworksBuildPhase;
			buildActionMask = 2147483647;
			files = (
			);
			runOnlyForDeploymentPostprocessing = 0;
		};
		8B8D6F7D1A14C9AF009F9915 /* Frameworks */ = {
			isa = PBXFrameworksBuildPhase;
			buildActionMask = 2147483647;
			files = (
			);
			runOnlyForDeploymentPostprocessing = 0;
		};
/* End PBXFrameworksBuildPhase section */

/* Begin PBXGroup section */
		8B038C771A19F4F900351FCF /* Assets */ = {
			isa = PBXGroup;
			children = (
				8B3117C51A1A429A009B5F72 /* healthpack-powerup.wav */,
				8B3117C01A1A2AB6009B5F72 /* fireball-fire.wav */,
				8B3117BC1A1A26D6009B5F72 /* arrow-hit.wav */,
				8B3117BA1A1A269A009B5F72 /* arrow-fire.wav */,
			);
			name = Assets;
			sourceTree = "<group>";
		};
		8B36BABF1A1F73000041E9DC /* Levels */ = {
			isa = PBXGroup;
			children = (
				8B6310881A200D26005C959F /* room-trap.xml */,
				8B23326A1A1FA5B100E935F6 /* room-enemy.xml */,
				8B2332681A1F9CDD00E935F6 /* room-empty.xml */,
			);
			name = Levels;
			sourceTree = "<group>";
		};
		8B8D6F5F1A14C9AF009F9915 = {
			isa = PBXGroup;
			children = (
				8B3117C71A1A4C52009B5F72 /* README */,
				8B8D6F6A1A14C9AF009F9915 /* shooter */,
				8B8D6F831A14C9AF009F9915 /* shooterTests */,
				8B8D6F691A14C9AF009F9915 /* Products */,
			);
			sourceTree = "<group>";
		};
		8B8D6F691A14C9AF009F9915 /* Products */ = {
			isa = PBXGroup;
			children = (
				8B8D6F681A14C9AF009F9915 /* shooter.app */,
				8B8D6F801A14C9AF009F9915 /* shooterTests.xctest */,
			);
			name = Products;
			sourceTree = "<group>";
		};
		8B8D6F6A1A14C9AF009F9915 /* shooter */ = {
			isa = PBXGroup;
			children = (
				8B36BABF1A1F73000041E9DC /* Levels */,
				8B038C771A19F4F900351FCF /* Assets */,
				8B8D6F6D1A14C9AF009F9915 /* AppDelegate.h */,
				8B8D6F6E1A14C9AF009F9915 /* AppDelegate.m */,
				8B488DE41A19DCC300116E11 /* BitMask.h */,
				8B2AF7AD1A154C02005F0957 /* CGVectorAdditions.h */,
				8B488DDE1A19DB6100116E11 /* Character.h */,
				8B488DDF1A19DB6100116E11 /* Character.m */,
				8BFBB0771A2476A5002F1F1F /* Controller.h */,
				8BFBB0781A2476A5002F1F1F /* Controller.m */,
				8B488DE11A19DC5300116E11 /* Projectile.h */,
				8B488DE21A19DC5300116E11 /* Projectile.m */,
				8B36BAC21A1F85880041E9DC /* Level.h */,
				8B36BAC31A1F85880041E9DC /* Level.m */,
				8B488DE51A19DD2800116E11 /* Landscape.h */,
				8B488DE61A19DD2800116E11 /* Landscape.m */,
				8B8D6F721A14C9AF009F9915 /* GameScene.h */,
				8B8D6F731A14C9AF009F9915 /* GameScene.m */,
				8B064FF91A1B42A30099E8B1 /* MenuAlert.h */,
				8B064FFA1A1B42A30099E8B1 /* MenuAlert.m */,
				8B3117C21A1A3415009B5F72 /* PowerUp.h */,
				8B3117C31A1A3415009B5F72 /* PowerUp.m */,
				8B2691061A1B82E40072FF12 /* ScoreHistory.h */,
				8B2691071A1B82E40072FF12 /* ScoreHistory.m */,
				8BFBB07B1A248A3E002F1F1F /* Weapon.h */,
				8BFBB07C1A248A3E002F1F1F /* Weapon.m */,
				8B8D6F771A14C9AF009F9915 /* Images.xcassets */,
				8B8D6F791A14C9AF009F9915 /* MainMenu.xib */,
				8B8D6F6B1A14C9AF009F9915 /* Supporting Files */,
			);
			path = shooter;
			sourceTree = "<group>";
		};
		8B8D6F6B1A14C9AF009F9915 /* Supporting Files */ = {
			isa = PBXGroup;
			children = (
				8B8D6F6C1A14C9AF009F9915 /* Info.plist */,
				8B8D6F701A14C9AF009F9915 /* main.m */,
			);
			name = "Supporting Files";
			sourceTree = "<group>";
		};
		8B8D6F831A14C9AF009F9915 /* shooterTests */ = {
			isa = PBXGroup;
			children = (
				8B8D6F861A14C9AF009F9915 /* shooterTests.m */,
				8B8D6F841A14C9AF009F9915 /* Supporting Files */,
			);
			path = shooterTests;
			sourceTree = "<group>";
		};
		8B8D6F841A14C9AF009F9915 /* Supporting Files */ = {
			isa = PBXGroup;
			children = (
				8B8D6F851A14C9AF009F9915 /* Info.plist */,
			);
			name = "Supporting Files";
			sourceTree = "<group>";
		};
/* End PBXGroup section */

/* Begin PBXNativeTarget section */
		8B8D6F671A14C9AF009F9915 /* shooter */ = {
			isa = PBXNativeTarget;
			buildConfigurationList = 8B8D6F8A1A14C9AF009F9915 /* Build configuration list for PBXNativeTarget "shooter" */;
			buildPhases = (
				8B8D6F641A14C9AF009F9915 /* Sources */,
				8B8D6F651A14C9AF009F9915 /* Frameworks */,
				8B8D6F661A14C9AF009F9915 /* Resources */,
			);
			buildRules = (
			);
			dependencies = (
			);
			name = shooter;
			productName = shooter;
			productReference = 8B8D6F681A14C9AF009F9915 /* shooter.app */;
			productType = "com.apple.product-type.application";
		};
		8B8D6F7F1A14C9AF009F9915 /* shooterTests */ = {
			isa = PBXNativeTarget;
			buildConfigurationList = 8B8D6F8D1A14C9AF009F9915 /* Build configuration list for PBXNativeTarget "shooterTests" */;
			buildPhases = (
				8B8D6F7C1A14C9AF009F9915 /* Sources */,
				8B8D6F7D1A14C9AF009F9915 /* Frameworks */,
				8B8D6F7E1A14C9AF009F9915 /* Resources */,
			);
			buildRules = (
			);
			dependencies = (
				8B8D6F821A14C9AF009F9915 /* PBXTargetDependency */,
			);
			name = shooterTests;
			productName = shooterTests;
			productReference = 8B8D6F801A14C9AF009F9915 /* shooterTests.xctest */;
			productType = "com.apple.product-type.bundle.unit-test";
		};
/* End PBXNativeTarget section */

/* Begin PBXProject section */
		8B8D6F601A14C9AF009F9915 /* Project object */ = {
			isa = PBXProject;
			attributes = {
				LastUpgradeCheck = 0610;
				ORGANIZATIONNAME = ju;
				TargetAttributes = {
					8B8D6F671A14C9AF009F9915 = {
						CreatedOnToolsVersion = 6.1;
					};
					8B8D6F7F1A14C9AF009F9915 = {
						CreatedOnToolsVersion = 6.1;
						TestTargetID = 8B8D6F671A14C9AF009F9915;
					};
				};
			};
			buildConfigurationList = 8B8D6F631A14C9AF009F9915 /* Build configuration list for PBXProject "shooter" */;
			compatibilityVersion = "Xcode 3.2";
			developmentRegion = English;
			hasScannedForEncodings = 0;
			knownRegions = (
				en,
				Base,
			);
			mainGroup = 8B8D6F5F1A14C9AF009F9915;
			productRefGroup = 8B8D6F691A14C9AF009F9915 /* Products */;
			projectDirPath = "";
			projectRoot = "";
			targets = (
				8B8D6F671A14C9AF009F9915 /* shooter */,
				8B8D6F7F1A14C9AF009F9915 /* shooterTests */,
			);
		};
/* End PBXProject section */

/* Begin PBXResourcesBuildPhase section */
		8B8D6F661A14C9AF009F9915 /* Resources */ = {
			isa = PBXResourcesBuildPhase;
			buildActionMask = 2147483647;
			files = (
				8B2332691A1F9CDD00E935F6 /* room-empty.xml in Resources */,
				8B6310891A200D26005C959F /* room-trap.xml in Resources */,
				8B3117C61A1A429A009B5F72 /* healthpack-powerup.wav in Resources */,
				8B3117BD1A1A26D6009B5F72 /* arrow-hit.wav in Resources */,
				8B3117C11A1A2AB6009B5F72 /* fireball-fire.wav in Resources */,
				8B8D6F781A14C9AF009F9915 /* Images.xcassets in Resources */,
				8B23326B1A1FA5B100E935F6 /* room-enemy.xml in Resources */,
				8B3117BB1A1A269A009B5F72 /* arrow-fire.wav in Resources */,
				8B8D6F7B1A14C9AF009F9915 /* MainMenu.xib in Resources */,
			);
			runOnlyForDeploymentPostprocessing = 0;
		};
		8B8D6F7E1A14C9AF009F9915 /* Resources */ = {
			isa = PBXResourcesBuildPhase;
			buildActionMask = 2147483647;
			files = (
			);
			runOnlyForDeploymentPostprocessing = 0;
		};
/* End PBXResourcesBuildPhase section */

/* Begin PBXSourcesBuildPhase section */
		8B8D6F641A14C9AF009F9915 /* Sources */ = {
			isa = PBXSourcesBuildPhase;
			buildActionMask = 2147483647;
			files = (
				8B8D6F711A14C9AF009F9915 /* main.m in Sources */,
				8B36BAC41A1F85880041E9DC /* Level.m in Sources */,
				8B8D6F741A14C9AF009F9915 /* GameScene.m in Sources */,
				8BFBB0791A2476A5002F1F1F /* Controller.m in Sources */,
				8B2691081A1B82E40072FF12 /* ScoreHistory.m in Sources */,
				8B8D6F6F1A14C9AF009F9915 /* AppDelegate.m in Sources */,
				8B488DE71A19DD2800116E11 /* Landscape.m in Sources */,
				8B488DE01A19DB6100116E11 /* Character.m in Sources */,
				8B488DE31A19DC5300116E11 /* Projectile.m in Sources */,
				8BFBB07D1A248A3E002F1F1F /* Weapon.m in Sources */,
				8B064FFB1A1B42A30099E8B1 /* MenuAlert.m in Sources */,
				8B3117C41A1A3415009B5F72 /* PowerUp.m in Sources */,
			);
			runOnlyForDeploymentPostprocessing = 0;
		};
		8B8D6F7C1A14C9AF009F9915 /* Sources */ = {
			isa = PBXSourcesBuildPhase;
			buildActionMask = 2147483647;
			files = (
				8B8D6F871A14C9AF009F9915 /* shooterTests.m in Sources */,
			);
			runOnlyForDeploymentPostprocessing = 0;
		};
/* End PBXSourcesBuildPhase section */

/* Begin PBXTargetDependency section */
		8B8D6F821A14C9AF009F9915 /* PBXTargetDependency */ = {
			isa = PBXTargetDependency;
			target = 8B8D6F671A14C9AF009F9915 /* shooter */;
			targetProxy = 8B8D6F811A14C9AF009F9915 /* PBXContainerItemProxy */;
		};
/* End PBXTargetDependency section */

/* Begin PBXVariantGroup section */
		8B8D6F791A14C9AF009F9915 /* MainMenu.xib */ = {
			isa = PBXVariantGroup;
			children = (
				8B8D6F7A1A14C9AF009F9915 /* Base */,
			);
			name = MainMenu.xib;
			sourceTree = "<group>";
		};
/* End PBXVariantGroup section */

/* Begin XCBuildConfiguration section */
		8B8D6F881A14C9AF009F9915 /* Debug */ = {
			isa = XCBuildConfiguration;
			buildSettings = {
				ALWAYS_SEARCH_USER_PATHS = NO;
				CLANG_CXX_LANGUAGE_STANDARD = "gnu++0x";
				CLANG_CXX_LIBRARY = "libc++";
				CLANG_ENABLE_MODULES = YES;
				CLANG_ENABLE_OBJC_ARC = YES;
				CLANG_WARN_BOOL_CONVERSION = YES;
				CLANG_WARN_CONSTANT_CONVERSION = YES;
				CLANG_WARN_DIRECT_OBJC_ISA_USAGE = YES_ERROR;
				CLANG_WARN_EMPTY_BODY = YES;
				CLANG_WARN_ENUM_CONVERSION = YES;
				CLANG_WARN_INT_CONVERSION = YES;
				CLANG_WARN_OBJC_ROOT_CLASS = YES_ERROR;
				CLANG_WARN_UNREACHABLE_CODE = YES;
				CLANG_WARN__DUPLICATE_METHOD_MATCH = YES;
				CODE_SIGN_IDENTITY = "-";
				COPY_PHASE_STRIP = NO;
				ENABLE_STRICT_OBJC_MSGSEND = YES;
				GCC_C_LANGUAGE_STANDARD = gnu99;
				GCC_DYNAMIC_NO_PIC = NO;
				GCC_OPTIMIZATION_LEVEL = 0;
				GCC_PREPROCESSOR_DEFINITIONS = (
					"DEBUG=1",
					"$(inherited)",
				);
				GCC_SYMBOLS_PRIVATE_EXTERN = NO;
				GCC_WARN_64_TO_32_BIT_CONVERSION = YES;
				GCC_WARN_ABOUT_RETURN_TYPE = YES_ERROR;
				GCC_WARN_UNDECLARED_SELECTOR = YES;
				GCC_WARN_UNINITIALIZED_AUTOS = YES_AGGRESSIVE;
				GCC_WARN_UNUSED_FUNCTION = YES;
				GCC_WARN_UNUSED_VARIABLE = YES;
				MACOSX_DEPLOYMENT_TARGET = 10.9;
				MTL_ENABLE_DEBUG_INFO = YES;
				ONLY_ACTIVE_ARCH = YES;
				SDKROOT = macosx;
			};
			name = Debug;
		};
		8B8D6F891A14C9AF009F9915 /* Release */ = {
			isa = XCBuildConfiguration;
			buildSettings = {
				ALWAYS_SEARCH_USER_PATHS = NO;
				CLANG_CXX_LANGUAGE_STANDARD = "gnu++0x";
				CLANG_CXX_LIBRARY = "libc++";
				CLANG_ENABLE_MODULES = YES;
				CLANG_ENABLE_OBJC_ARC = YES;
				CLANG_WARN_BOOL_CONVERSION = YES;
				CLANG_WARN_CONSTANT_CONVERSION = YES;
				CLANG_WARN_DIRECT_OBJC_ISA_USAGE = YES_ERROR;
				CLANG_WARN_EMPTY_BODY = YES;
				CLANG_WARN_ENUM_CONVERSION = YES;
				CLANG_WARN_INT_CONVERSION = YES;
				CLANG_WARN_OBJC_ROOT_CLASS = YES_ERROR;
				CLANG_WARN_UNREACHABLE_CODE = YES;
				CLANG_WARN__DUPLICATE_METHOD_MATCH = YES;
				CODE_SIGN_IDENTITY = "-";
				COPY_PHASE_STRIP = YES;
				DEBUG_INFORMATION_FORMAT = "dwarf-with-dsym";
				ENABLE_NS_ASSERTIONS = NO;
				ENABLE_STRICT_OBJC_MSGSEND = YES;
				GCC_C_LANGUAGE_STANDARD = gnu99;
				GCC_WARN_64_TO_32_BIT_CONVERSION = YES;
				GCC_WARN_ABOUT_RETURN_TYPE = YES_ERROR;
				GCC_WARN_UNDECLARED_SELECTOR = YES;
				GCC_WARN_UNINITIALIZED_AUTOS = YES_AGGRESSIVE;
				GCC_WARN_UNUSED_FUNCTION = YES;
				GCC_WARN_UNUSED_VARIABLE = YES;
				MACOSX_DEPLOYMENT_TARGET = 10.9;
				MTL_ENABLE_DEBUG_INFO = NO;
				SDKROOT = macosx;
			};
			name = Release;
		};
		8B8D6F8B1A14C9AF009F9915 /* Debug */ = {
			isa = XCBuildConfiguration;
			buildSettings = {
				ASSETCATALOG_COMPILER_APPICON_NAME = AppIcon;
				COMBINE_HIDPI_IMAGES = YES;
				INFOPLIST_FILE = shooter/Info.plist;
				LD_RUNPATH_SEARCH_PATHS = "$(inherited) @executable_path/../Frameworks";
				MACOSX_DEPLOYMENT_TARGET = 10.9;
				PRODUCT_NAME = "$(TARGET_NAME)";
			};
			name = Debug;
		};
		8B8D6F8C1A14C9AF009F9915 /* Release */ = {
			isa = XCBuildConfiguration;
			buildSettings = {
				ASSETCATALOG_COMPILER_APPICON_NAME = AppIcon;
				COMBINE_HIDPI_IMAGES = YES;
				INFOPLIST_FILE = shooter/Info.plist;
				LD_RUNPATH_SEARCH_PATHS = "$(inherited) @executable_path/../Frameworks";
				MACOSX_DEPLOYMENT_TARGET = 10.9;
				PRODUCT_NAME = "$(TARGET_NAME)";
			};
			name = Release;
		};
		8B8D6F8E1A14C9AF009F9915 /* Debug */ = {
			isa = XCBuildConfiguration;
			buildSettings = {
				BUNDLE_LOADER = "$(TEST_HOST)";
				COMBINE_HIDPI_IMAGES = YES;
				FRAMEWORK_SEARCH_PATHS = (
					"$(DEVELOPER_FRAMEWORKS_DIR)",
					"$(inherited)",
				);
				GCC_PREPROCESSOR_DEFINITIONS = (
					"DEBUG=1",
					"$(inherited)",
				);
				INFOPLIST_FILE = shooterTests/Info.plist;
				LD_RUNPATH_SEARCH_PATHS = "$(inherited) @executable_path/../Frameworks @loader_path/../Frameworks";
				PRODUCT_NAME = "$(TARGET_NAME)";
				TEST_HOST = "$(BUILT_PRODUCTS_DIR)/shooter.app/Contents/MacOS/shooter";
			};
			name = Debug;
		};
		8B8D6F8F1A14C9AF009F9915 /* Release */ = {
			isa = XCBuildConfiguration;
			buildSettings = {
				BUNDLE_LOADER = "$(TEST_HOST)";
				COMBINE_HIDPI_IMAGES = YES;
				FRAMEWORK_SEARCH_PATHS = (
					"$(DEVELOPER_FRAMEWORKS_DIR)",
					"$(inherited)",
				);
				INFOPLIST_FILE = shooterTests/Info.plist;
				LD_RUNPATH_SEARCH_PATHS = "$(inherited) @executable_path/../Frameworks @loader_path/../Frameworks";
				PRODUCT_NAME = "$(TARGET_NAME)";
				TEST_HOST = "$(BUILT_PRODUCTS_DIR)/shooter.app/Contents/MacOS/shooter";
			};
			name = Release;
		};
/* End XCBuildConfiguration section */

/* Begin XCConfigurationList section */
		8B8D6F631A14C9AF009F9915 /* Build configuration list for PBXProject "shooter" */ = {
			isa = XCConfigurationList;
			buildConfigurations = (
				8B8D6F881A14C9AF009F9915 /* Debug */,
				8B8D6F891A14C9AF009F9915 /* Release */,
			);
			defaultConfigurationIsVisible = 0;
			defaultConfigurationName = Release;
		};
		8B8D6F8A1A14C9AF009F9915 /* Build configuration list for PBXNativeTarget "shooter" */ = {
			isa = XCConfigurationList;
			buildConfigurations = (
				8B8D6F8B1A14C9AF009F9915 /* Debug */,
				8B8D6F8C1A14C9AF009F9915 /* Release */,
			);
			defaultConfigurationIsVisible = 0;
			defaultConfigurationName = Release;
		};
		8B8D6F8D1A14C9AF009F9915 /* Build configuration list for PBXNativeTarget "shooterTests" */ = {
			isa = XCConfigurationList;
			buildConfigurations = (
				8B8D6F8E1A14C9AF009F9915 /* Debug */,
				8B8D6F8F1A14C9AF009F9915 /* Release */,
			);
			defaultConfigurationIsVisible = 0;
			defaultConfigurationName = Release;
		};
/* End XCConfigurationList section */
	};
	rootObject = 8B8D6F601A14C9AF009F9915 /* Project object */;
}
